
Microsoft Visual Studio Solution File, Format Version 12.00
# Visual Studio Version 17
VisualStudioVersion = 17.0.31808.319
MinimumVisualStudioVersion = 10.0.40219.1
Project("{FAE04EC0-301F-11D3-BF4B-00C04F79EFBC}") = "MegaTravelAPI", "MegaTravelAPI\MegaTravelAPI.csproj", "{DBCE6BE9-3E66-4113-B55A-1667EF794ACA}"
EndProject
Global
	GlobalSection(SolutionConfigurationPlatforms) = preSolution
		Debug|Any CPU = Debug|Any CPU
		Release|Any CPU = Release|Any CPU
	EndGlobalSection
	GlobalSection(ProjectConfigurationPlatforms) = postSolution
		{DBCE6BE9-3E66-4113-B55A-1667EF794ACA}.Debug|Any CPU.ActiveCfg = Debug|Any CPU
		{DBCE6BE9-3E66-4113-B55A-1667EF794ACA}.Debug|Any CPU.Build.0 = Debug|Any CPU
		{DBCE6BE9-3E66-4113-B55A-1667EF794ACA}.Release|Any CPU.ActiveCfg = Release|Any CPU
		{DBCE6BE9-3E66-4113-B55A-1667EF794ACA}.Release|Any CPU.Build.0 = Release|Any CPU
	EndGlobalSection
	GlobalSection(SolutionProperties) = preSolution
		HideSolutionNode = FALSE
	EndGlobalSection
	GlobalSection(ExtensibilityGlobals) = postSolution
		SolutionGuid = {1AC53553-9CF1-413D-96D7-DF30574ACDC3}
	EndGlobalSection
EndGlobal
